
Microsoft Visual Studio Solution File, Format Version 12.00
# Visual Studio Version 16
VisualStudioVersion = 16.0.31129.286
MinimumVisualStudioVersion = 10.0.40219.1
Project("{FAE04EC0-301F-11D3-BF4B-00C04F79EFBC}") = "UIUI", "UIUI\UIUI.csproj", "{3B46A7B7-53DB-43BF-9AAB-0E34CF9DD515}"
EndProject
Global
	GlobalSection(SolutionConfigurationPlatforms) = preSolution
		Debug|Any CPU = Debug|Any CPU
		Release|Any CPU = Release|Any CPU
	EndGlobalSection
	GlobalSection(ProjectConfigurationPlatforms) = postSolution
		{3B46A7B7-53DB-43BF-9AAB-0E34CF9DD515}.Debug|Any CPU.ActiveCfg = Debug|Any CPU
		{3B46A7B7-53DB-43BF-9AAB-0E34CF9DD515}.Debug|Any CPU.Build.0 = Debug|Any CPU
		{3B46A7B7-53DB-43BF-9AAB-0E34CF9DD515}.Release|Any CPU.ActiveCfg = Release|Any CPU
		{3B46A7B7-53DB-43BF-9AAB-0E34CF9DD515}.Release|Any CPU.Build.0 = Release|Any CPU
	EndGlobalSection
	GlobalSection(SolutionProperties) = preSolution
		HideSolutionNode = FALSE
	EndGlobalSection
	GlobalSection(ExtensibilityGlobals) = postSolution
		SolutionGuid = {B4095DEC-F2BE-4047-BE2E-0C36FC830AD7}
	EndGlobalSection
EndGlobal
